
Microsoft Visual Studio Solution File, Format Version 12.00
# Visual Studio Version 17
VisualStudioVersion = 17.0.31919.166
MinimumVisualStudioVersion = 10.0.40219.1
Project("{FAE04EC0-301F-11D3-BF4B-00C04F79EFBC}") = "System Init Toolbox", "System Init Toolbox.csproj", "{DD8DBD33-830E-4B0B-ADA2-93097EA3970D}"
EndProject
Global
	GlobalSection(SolutionConfigurationPlatforms) = preSolution
		Debug|Any CPU = Debug|Any CPU
		Release|Any CPU = Release|Any CPU
	EndGlobalSection
	GlobalSection(ProjectConfigurationPlatforms) = postSolution
		{DD8DBD33-830E-4B0B-ADA2-93097EA3970D}.Debug|Any CPU.ActiveCfg = Debug|Any CPU
		{DD8DBD33-830E-4B0B-ADA2-93097EA3970D}.Debug|Any CPU.Build.0 = Debug|Any CPU
		{DD8DBD33-830E-4B0B-ADA2-93097EA3970D}.Release|Any CPU.ActiveCfg = Release|Any CPU
		{DD8DBD33-830E-4B0B-ADA2-93097EA3970D}.Release|Any CPU.Build.0 = Release|Any CPU
	EndGlobalSection
	GlobalSection(SolutionProperties) = preSolution
		HideSolutionNode = FALSE
	EndGlobalSection
	GlobalSection(ExtensibilityGlobals) = postSolution
		SolutionGuid = {FF1BD7EA-93C2-47BF-9E97-88FC03A905C7}
	EndGlobalSection
EndGlobal
